
Microsoft Visual Studio Solution File, Format Version 12.00
# Visual Studio Version 17
VisualStudioVersion = 17.2.32616.157
MinimumVisualStudioVersion = 10.0.40219.1
Project("{FAE04EC0-301F-11D3-BF4B-00C04F79EFBC}") = "RecipeApi", "RecipeApi\RecipeApi.csproj", "{3785745B-704A-4988-9A16-831F752662C7}"
EndProject
Global
	GlobalSection(SolutionConfigurationPlatforms) = preSolution
		Debug|Any CPU = Debug|Any CPU
		Release|Any CPU = Release|Any CPU
	EndGlobalSection
	GlobalSection(ProjectConfigurationPlatforms) = postSolution
		{3785745B-704A-4988-9A16-831F752662C7}.Debug|Any CPU.ActiveCfg = Debug|Any CPU
		{3785745B-704A-4988-9A16-831F752662C7}.Debug|Any CPU.Build.0 = Debug|Any CPU
		{3785745B-704A-4988-9A16-831F752662C7}.Release|Any CPU.ActiveCfg = Release|Any CPU
		{3785745B-704A-4988-9A16-831F752662C7}.Release|Any CPU.Build.0 = Release|Any CPU
	EndGlobalSection
	GlobalSection(SolutionProperties) = preSolution
		HideSolutionNode = FALSE
	EndGlobalSection
	GlobalSection(ExtensibilityGlobals) = postSolution
		SolutionGuid = {1D63FF5A-AC2B-450E-B073-37D600D26839}
	EndGlobalSection
EndGlobal
