
Microsoft Visual Studio Solution File, Format Version 12.00
# Visual Studio Version 17
VisualStudioVersion = 17.2.32630.192
MinimumVisualStudioVersion = 10.0.40219.1
Project("{9A19103F-16F7-4668-BE54-9A1E7A4F7556}") = "Database", "Database\Database\Database.csproj", "{71E9F404-9FCE-407A-A8E4-E00D172FA79A}"
EndProject
Project("{9A19103F-16F7-4668-BE54-9A1E7A4F7556}") = "RecipeApi", "RecipeApi\RecipeApi\RecipeApi.csproj", "{9CE33D31-B59E-4B59-AD24-2B84E3637468}"
EndProject
Project("{2150E333-8FDC-42A3-9474-1A3956D46DE8}") = "ORM", "ORM", "{39F610CF-2F5C-44CB-95E0-1160A0111AC1}"
EndProject
Project("{FAE04EC0-301F-11D3-BF4B-00C04F79EFBC}") = "RecipeDB", "ORM\Code\DatabaseGeneric\RecipeDB.csproj", "{B194AB82-7E63-4B89-B521-38C4498AD1D8}"
EndProject
Project("{FAE04EC0-301F-11D3-BF4B-00C04F79EFBC}") = "RecipeDBDBSpecific", "ORM\Code\DatabaseSpecific\RecipeDBDBSpecific.csproj", "{C7908A49-F8CC-4CDF-AC6B-AACB7E098A09}"
EndProject
Project("{FAE04EC0-301F-11D3-BF4B-00C04F79EFBC}") = "RecipeDto", "ORM\Code\RecipeDto\RecipeDto.csproj", "{70EE38E5-06C9-4FFB-954C-871EDA92AFD9}"
EndProject
Project("{FAE04EC0-301F-11D3-BF4B-00C04F79EFBC}") = "RecipeDto.Persistence", "ORM\Code\RecipeDto.Persistence\RecipeDto.Persistence.csproj", "{AE14501A-ED3A-404F-8333-EB4D84307F75}"
EndProject
Global
	GlobalSection(SolutionConfigurationPlatforms) = preSolution
		Debug|Any CPU = Debug|Any CPU
		Release|Any CPU = Release|Any CPU
	EndGlobalSection
	GlobalSection(ProjectConfigurationPlatforms) = postSolution
		{71E9F404-9FCE-407A-A8E4-E00D172FA79A}.Debug|Any CPU.ActiveCfg = Debug|Any CPU
		{71E9F404-9FCE-407A-A8E4-E00D172FA79A}.Debug|Any CPU.Build.0 = Debug|Any CPU
		{71E9F404-9FCE-407A-A8E4-E00D172FA79A}.Release|Any CPU.ActiveCfg = Release|Any CPU
		{71E9F404-9FCE-407A-A8E4-E00D172FA79A}.Release|Any CPU.Build.0 = Release|Any CPU
		{9CE33D31-B59E-4B59-AD24-2B84E3637468}.Debug|Any CPU.ActiveCfg = Debug|Any CPU
		{9CE33D31-B59E-4B59-AD24-2B84E3637468}.Debug|Any CPU.Build.0 = Debug|Any CPU
		{9CE33D31-B59E-4B59-AD24-2B84E3637468}.Release|Any CPU.ActiveCfg = Release|Any CPU
		{9CE33D31-B59E-4B59-AD24-2B84E3637468}.Release|Any CPU.Build.0 = Release|Any CPU
		{B194AB82-7E63-4B89-B521-38C4498AD1D8}.Debug|Any CPU.ActiveCfg = Debug|Any CPU
		{B194AB82-7E63-4B89-B521-38C4498AD1D8}.Debug|Any CPU.Build.0 = Debug|Any CPU
		{B194AB82-7E63-4B89-B521-38C4498AD1D8}.Release|Any CPU.ActiveCfg = Release|Any CPU
		{B194AB82-7E63-4B89-B521-38C4498AD1D8}.Release|Any CPU.Build.0 = Release|Any CPU
		{C7908A49-F8CC-4CDF-AC6B-AACB7E098A09}.Debug|Any CPU.ActiveCfg = Debug|Any CPU
		{C7908A49-F8CC-4CDF-AC6B-AACB7E098A09}.Debug|Any CPU.Build.0 = Debug|Any CPU
		{C7908A49-F8CC-4CDF-AC6B-AACB7E098A09}.Release|Any CPU.ActiveCfg = Release|Any CPU
		{C7908A49-F8CC-4CDF-AC6B-AACB7E098A09}.Release|Any CPU.Build.0 = Release|Any CPU
		{70EE38E5-06C9-4FFB-954C-871EDA92AFD9}.Debug|Any CPU.ActiveCfg = Debug|Any CPU
		{70EE38E5-06C9-4FFB-954C-871EDA92AFD9}.Debug|Any CPU.Build.0 = Debug|Any CPU
		{70EE38E5-06C9-4FFB-954C-871EDA92AFD9}.Release|Any CPU.ActiveCfg = Release|Any CPU
		{70EE38E5-06C9-4FFB-954C-871EDA92AFD9}.Release|Any CPU.Build.0 = Release|Any CPU
		{AE14501A-ED3A-404F-8333-EB4D84307F75}.Debug|Any CPU.ActiveCfg = Debug|Any CPU
		{AE14501A-ED3A-404F-8333-EB4D84307F75}.Debug|Any CPU.Build.0 = Debug|Any CPU
		{AE14501A-ED3A-404F-8333-EB4D84307F75}.Release|Any CPU.ActiveCfg = Release|Any CPU
		{AE14501A-ED3A-404F-8333-EB4D84307F75}.Release|Any CPU.Build.0 = Release|Any CPU
	EndGlobalSection
	GlobalSection(SolutionProperties) = preSolution
		HideSolutionNode = FALSE
	EndGlobalSection
	GlobalSection(NestedProjects) = preSolution
		{B194AB82-7E63-4B89-B521-38C4498AD1D8} = {39F610CF-2F5C-44CB-95E0-1160A0111AC1}
		{C7908A49-F8CC-4CDF-AC6B-AACB7E098A09} = {39F610CF-2F5C-44CB-95E0-1160A0111AC1}
		{70EE38E5-06C9-4FFB-954C-871EDA92AFD9} = {39F610CF-2F5C-44CB-95E0-1160A0111AC1}
		{AE14501A-ED3A-404F-8333-EB4D84307F75} = {39F610CF-2F5C-44CB-95E0-1160A0111AC1}
	EndGlobalSection
	GlobalSection(ExtensibilityGlobals) = postSolution
		SolutionGuid = {C1762B0D-7F81-4AE7-A2CB-0BDECB41F7B1}
	EndGlobalSection
EndGlobal
